
Microsoft Visual Studio Solution File, Format Version 12.00
# Visual Studio Version 17
VisualStudioVersion = 17.5.33516.290
MinimumVisualStudioVersion = 10.0.40219.1
Project("{FAE04EC0-301F-11D3-BF4B-00C04F79EFBC}") = "MetaLand0.2", "MetaLand0.2.csproj", "{D0CACD12-23B2-4272-BAC9-8AC9135A05EA}"
EndProject
Project("{FAE04EC0-301F-11D3-BF4B-00C04F79EFBC}") = "EntityLayer-ML", "..\EntityLayer-ML\EntityLayer-ML.csproj", "{6E7C3238-5000-4A96-8959-57918E47B6A5}"
EndProject
Project("{FAE04EC0-301F-11D3-BF4B-00C04F79EFBC}") = "DataAccessLayer-ML", "..\DataAccessLayer-ML\DataAccessLayer-ML.csproj", "{E0598A3A-02AF-4970-8111-FB0ABD1D751A}"
EndProject
Project("{FAE04EC0-301F-11D3-BF4B-00C04F79EFBC}") = "BusinessLogicLayer-ML", "..\BusinessLogicLayer-ML\BusinessLogicLayer-ML.csproj", "{FF0ABCA4-28D8-43FC-B965-04283FC9BFA8}"
EndProject
Project("{2150E333-8FDC-42A3-9474-1A3956D46DE8}") = "Pictures", "Pictures", "{7749472B-D34C-47C9-9636-5CA3DA00FCF4}"
EndProject
Global
	GlobalSection(SolutionConfigurationPlatforms) = preSolution
		Debug|Any CPU = Debug|Any CPU
		Release|Any CPU = Release|Any CPU
	EndGlobalSection
	GlobalSection(ProjectConfigurationPlatforms) = postSolution
		{D0CACD12-23B2-4272-BAC9-8AC9135A05EA}.Debug|Any CPU.ActiveCfg = Debug|Any CPU
		{D0CACD12-23B2-4272-BAC9-8AC9135A05EA}.Debug|Any CPU.Build.0 = Debug|Any CPU
		{D0CACD12-23B2-4272-BAC9-8AC9135A05EA}.Release|Any CPU.ActiveCfg = Release|Any CPU
		{D0CACD12-23B2-4272-BAC9-8AC9135A05EA}.Release|Any CPU.Build.0 = Release|Any CPU
		{6E7C3238-5000-4A96-8959-57918E47B6A5}.Debug|Any CPU.ActiveCfg = Debug|Any CPU
		{6E7C3238-5000-4A96-8959-57918E47B6A5}.Debug|Any CPU.Build.0 = Debug|Any CPU
		{6E7C3238-5000-4A96-8959-57918E47B6A5}.Release|Any CPU.ActiveCfg = Release|Any CPU
		{6E7C3238-5000-4A96-8959-57918E47B6A5}.Release|Any CPU.Build.0 = Release|Any CPU
		{E0598A3A-02AF-4970-8111-FB0ABD1D751A}.Debug|Any CPU.ActiveCfg = Debug|Any CPU
		{E0598A3A-02AF-4970-8111-FB0ABD1D751A}.Debug|Any CPU.Build.0 = Debug|Any CPU
		{E0598A3A-02AF-4970-8111-FB0ABD1D751A}.Release|Any CPU.ActiveCfg = Release|Any CPU
		{E0598A3A-02AF-4970-8111-FB0ABD1D751A}.Release|Any CPU.Build.0 = Release|Any CPU
		{FF0ABCA4-28D8-43FC-B965-04283FC9BFA8}.Debug|Any CPU.ActiveCfg = Debug|Any CPU
		{FF0ABCA4-28D8-43FC-B965-04283FC9BFA8}.Debug|Any CPU.Build.0 = Debug|Any CPU
		{FF0ABCA4-28D8-43FC-B965-04283FC9BFA8}.Release|Any CPU.ActiveCfg = Release|Any CPU
		{FF0ABCA4-28D8-43FC-B965-04283FC9BFA8}.Release|Any CPU.Build.0 = Release|Any CPU
	EndGlobalSection
	GlobalSection(SolutionProperties) = preSolution
		HideSolutionNode = FALSE
	EndGlobalSection
	GlobalSection(ExtensibilityGlobals) = postSolution
		SolutionGuid = {D746D744-F4A5-4311-B1A9-03D4F27BF749}
	EndGlobalSection
EndGlobal
